
Microsoft Visual Studio Solution File, Format Version 12.00
# Visual Studio 15
VisualStudioVersion = 15.0.28307.329
MinimumVisualStudioVersion = 10.0.40219.1
Project("{9A19103F-16F7-4668-BE54-9A1E7A4F7556}") = "PacketTracerSimulator", "PacketTracerSimulator\PacketTracerSimulator.csproj", "{5F1A02DE-E69D-4C26-A158-EA2894A7D2DC}"
EndProject
Global
	GlobalSection(SolutionConfigurationPlatforms) = preSolution
		Debug|Any CPU = Debug|Any CPU
		Release|Any CPU = Release|Any CPU
	EndGlobalSection
	GlobalSection(ProjectConfigurationPlatforms) = postSolution
		{5F1A02DE-E69D-4C26-A158-EA2894A7D2DC}.Debug|Any CPU.ActiveCfg = Debug|Any CPU
		{5F1A02DE-E69D-4C26-A158-EA2894A7D2DC}.Debug|Any CPU.Build.0 = Debug|Any CPU
		{5F1A02DE-E69D-4C26-A158-EA2894A7D2DC}.Release|Any CPU.ActiveCfg = Release|Any CPU
		{5F1A02DE-E69D-4C26-A158-EA2894A7D2DC}.Release|Any CPU.Build.0 = Release|Any CPU
	EndGlobalSection
	GlobalSection(SolutionProperties) = preSolution
		HideSolutionNode = FALSE
	EndGlobalSection
	GlobalSection(ExtensibilityGlobals) = postSolution
		SolutionGuid = {8341AFA8-E87D-4B06-8B3B-6CF0A97F230A}
	EndGlobalSection
EndGlobal
